{
  "name": "daanbot",
  "version": "1.0.0",
  "lockfileVersion": 2,
  "requires": true,
  "packages": {
    "": {
      "version": "1.0.0",
      "license": "ISC",
      "dependencies": {
        "discord.js": "^12.5.1",
        "ffmpeg-static": "^4.2.8",
        "node-opus": "^0.3.3"
      },
      "engines": {
        "node": "14.16.0",
        "npm": "6.14.11"
      }
    },
    "node_modules/@derhuerst/http-basic": {
      "version": "8.2.1",
      "license": "MIT",
      "dependencies": {
        "caseless": "^0.12.0",
        "concat-stream": "^1.6.2",
        "http-response-object": "^3.0.1",
        "parse-cache-control": "^1.0.1"
      },
      "engines": {
        "node": ">=6.0.0"
      }
    },
    "node_modules/@discordjs/collection": {
      "version": "0.1.6",
      "license": "Apache-2.0"
    },
    "node_modules/@discordjs/form-data": {
      "version": "3.0.1",
      "license": "MIT",
      "dependencies": {
        "asynckit": "^0.4.0",
        "combined-stream": "^1.0.8",
        "mime-types": "^2.1.12"
      },
      "engines": {
        "node": ">= 6"
      }
    },
    "node_modules/@types/node": {
      "version": "10.17.56",
      "license": "MIT"
    },
    "node_modules/abort-controller": {
      "version": "3.0.0",
      "license": "MIT",
      "dependencies": {
        "event-target-shim": "^5.0.0"
      },
      "engines": {
        "node": ">=6.5"
      }
    },
    "node_modules/agent-base": {
      "version": "6.0.2",
      "license": "MIT",
      "dependencies": {
        "debug": "4"
      },
      "engines": {
        "node": ">= 6.0.0"
      }
    },
    "node_modules/asynckit": {
      "version": "0.4.0",
      "license": "MIT"
    },
    "node_modules/bindings": {
      "version": "1.2.1",
      "license": "MIT"
    },
    "node_modules/buffer-from": {
      "version": "1.1.1",
      "license": "MIT"
    },
    "node_modules/caseless": {
      "version": "0.12.0",
      "license": "Apache-2.0"
    },
    "node_modules/combined-stream": {
      "version": "1.0.8",
      "license": "MIT",
      "dependencies": {
        "delayed-stream": "~1.0.0"
      },
      "engines": {
        "node": ">= 0.8"
      }
    },
    "node_modules/commander": {
      "version": "2.20.3",
      "license": "MIT"
    },
    "node_modules/concat-stream": {
      "version": "1.6.2",
      "engines": [
        "node >= 0.8"
      ],
      "license": "MIT",
      "dependencies": {
        "buffer-from": "^1.0.0",
        "inherits": "^2.0.3",
        "readable-stream": "^2.2.2",
        "typedarray": "^0.0.6"
      }
    },
    "node_modules/core-util-is": {
      "version": "1.0.2",
      "license": "MIT"
    },
    "node_modules/debug": {
      "version": "4.3.1",
      "license": "MIT",
      "dependencies": {
        "ms": "2.1.2"
      },
      "engines": {
        "node": ">=6.0"
      },
      "peerDependenciesMeta": {
        "supports-color": {
          "optional": true
        }
      }
    },
    "node_modules/delayed-stream": {
      "version": "1.0.0",
      "license": "MIT",
      "engines": {
        "node": ">=0.4.0"
      }
    },
    "node_modules/discord.js": {
      "version": "12.5.1",
      "license": "Apache-2.0",
      "dependencies": {
        "@discordjs/collection": "^0.1.6",
        "@discordjs/form-data": "^3.0.1",
        "abort-controller": "^3.0.0",
        "node-fetch": "^2.6.1",
        "prism-media": "^1.2.2",
        "setimmediate": "^1.0.5",
        "tweetnacl": "^1.0.3",
        "ws": "^7.3.1"
      },
      "engines": {
        "node": ">=12.0.0"
      }
    },
    "node_modules/env-paths": {
      "version": "2.2.1",
      "license": "MIT",
      "engines": {
        "node": ">=6"
      }
    },
    "node_modules/event-target-shim": {
      "version": "5.0.1",
      "license": "MIT",
      "engines": {
        "node": ">=6"
      }
    },
    "node_modules/ffmpeg-static": {
      "version": "4.2.8",
      "hasInstallScript": true,
      "license": "GPL-3.0-or-later",
      "dependencies": {
        "@derhuerst/http-basic": "^8.2.0",
        "env-paths": "^2.2.0",
        "https-proxy-agent": "^5.0.0",
        "progress": "^2.0.3"
      },
      "engines": {
        "node": ">=10"
      }
    },
    "node_modules/http-response-object": {
      "version": "3.0.2",
      "license": "MIT",
      "dependencies": {
        "@types/node": "^10.0.3"
      }
    },
    "node_modules/https-proxy-agent": {
      "version": "5.0.0",
      "license": "MIT",
      "dependencies": {
        "agent-base": "6",
        "debug": "4"
      },
      "engines": {
        "node": ">= 6"
      }
    },
    "node_modules/inherits": {
      "version": "2.0.4",
      "license": "ISC"
    },
    "node_modules/isarray": {
      "version": "1.0.0",
      "license": "MIT"
    },
    "node_modules/mime-db": {
      "version": "1.46.0",
      "license": "MIT",
      "engines": {
        "node": ">= 0.6"
      }
    },
    "node_modules/mime-types": {
      "version": "2.1.29",
      "license": "MIT",
      "dependencies": {
        "mime-db": "1.46.0"
      },
      "engines": {
        "node": ">= 0.6"
      }
    },
    "node_modules/ms": {
      "version": "2.1.2",
      "license": "MIT"
    },
    "node_modules/nan": {
      "version": "2.14.2",
      "license": "MIT"
    },
    "node_modules/node-fetch": {
      "version": "2.6.1",
      "license": "MIT",
      "engines": {
        "node": "4.x || >=6.0.0"
      }
    },
    "node_modules/node-opus": {
      "version": "0.3.3",
      "cpu": [
        "x64",
        "arm",
        "arm64",
        "ia32"
      ],
      "deprecated": "This project is unmaintained. See @discordjs/opus for an alternative.",
      "hasInstallScript": true,
      "license": "MIT",
      "os": [
        "linux",
        "darwin",
        "win32",
        "freebsd",
        "android"
      ],
      "dependencies": {
        "bindings": "~1.2.1",
        "commander": "^2.9.0",
        "nan": "^2.14.0"
      },
      "engines": {
        "node": ">=5.10.0"
      },
      "optionalDependencies": {
        "ogg-packet": "^1.0.0"
      }
    },
    "node_modules/ogg-packet": {
      "version": "1.0.1",
      "license": "MIT",
      "optional": true,
      "dependencies": {
        "ref-struct": "*"
      }
    },
    "node_modules/parse-cache-control": {
      "version": "1.0.1"
    },
    "node_modules/prism-media": {
      "version": "1.2.9",
      "license": "Apache-2.0",
      "peerDependencies": {
        "@discordjs/opus": "^0.5.0",
        "ffmpeg-static": "^4.2.7 || ^3.0.0 || ^2.4.0",
        "node-opus": "^0.3.3",
        "opusscript": "^0.0.8"
      },
      "peerDependenciesMeta": {
        "@discordjs/opus": {
          "optional": true
        },
        "ffmpeg-static": {
          "optional": true
        },
        "node-opus": {
          "optional": true
        },
        "opusscript": {
          "optional": true
        }
      }
    },
    "node_modules/process-nextick-args": {
      "version": "2.0.1",
      "license": "MIT"
    },
    "node_modules/progress": {
      "version": "2.0.3",
      "license": "MIT",
      "engines": {
        "node": ">=0.4.0"
      }
    },
    "node_modules/readable-stream": {
      "version": "2.3.7",
      "license": "MIT",
      "dependencies": {
        "core-util-is": "~1.0.0",
        "inherits": "~2.0.3",
        "isarray": "~1.0.0",
        "process-nextick-args": "~2.0.0",
        "safe-buffer": "~5.1.1",
        "string_decoder": "~1.1.1",
        "util-deprecate": "~1.0.1"
      }
    },
    "node_modules/ref": {
      "version": "1.3.5",
      "hasInstallScript": true,
      "license": "MIT",
      "optional": true,
      "dependencies": {
        "bindings": "1",
        "debug": "2",
        "nan": "2"
      }
    },
    "node_modules/ref-struct": {
      "version": "1.1.0",
      "license": "MIT",
      "optional": true,
      "dependencies": {
        "debug": "2",
        "ref": "1"
      }
    },
    "node_modules/ref-struct/node_modules/debug": {
      "version": "2.6.9",
      "license": "MIT",
      "optional": true,
      "dependencies": {
        "ms": "2.0.0"
      }
    },
    "node_modules/ref-struct/node_modules/ms": {
      "version": "2.0.0",
      "license": "MIT",
      "optional": true
    },
    "node_modules/ref/node_modules/debug": {
      "version": "2.6.9",
      "license": "MIT",
      "optional": true,
      "dependencies": {
        "ms": "2.0.0"
      }
    },
    "node_modules/ref/node_modules/ms": {
      "version": "2.0.0",
      "license": "MIT",
      "optional": true
    },
    "node_modules/safe-buffer": {
      "version": "5.1.2",
      "license": "MIT"
    },
    "node_modules/setimmediate": {
      "version": "1.0.5",
      "license": "MIT"
    },
    "node_modules/string_decoder": {
      "version": "1.1.1",
      "license": "MIT",
      "dependencies": {
        "safe-buffer": "~5.1.0"
      }
    },
    "node_modules/tweetnacl": {
      "version": "1.0.3",
      "license": "Unlicense"
    },
    "node_modules/typedarray": {
      "version": "0.0.6",
      "license": "MIT"
    },
    "node_modules/util-deprecate": {
      "version": "1.0.2",
      "license": "MIT"
    },
    "node_modules/ws": {
      "version": "7.4.4",
      "license": "MIT",
      "engines": {
        "node": ">=8.3.0"
      },
      "peerDependencies": {
        "bufferutil": "^4.0.1",
        "utf-8-validate": "^5.0.2"
      },
      "peerDependenciesMeta": {
        "bufferutil": {
          "optional": true
        },
        "utf-8-validate": {
          "optional": true
        }
      }
    }
  },
  "dependencies": {
    "@derhuerst/http-basic": {
      "version": "8.2.1",
      "requires": {
        "caseless": "^0.12.0",
        "concat-stream": "^1.6.2",
        "http-response-object": "^3.0.1",
        "parse-cache-control": "^1.0.1"
      }
    },
    "@discordjs/collection": {
      "version": "0.1.6"
    },
    "@discordjs/form-data": {
      "version": "3.0.1",
      "requires": {
        "asynckit": "^0.4.0",
        "combined-stream": "^1.0.8",
        "mime-types": "^2.1.12"
      }
    },
    "@types/node": {
      "version": "10.17.56"
    },
    "abort-controller": {
      "version": "3.0.0",
      "requires": {
        "event-target-shim": "^5.0.0"
      }
    },
    "agent-base": {
      "version": "6.0.2",
      "requires": {
        "debug": "4"
      }
    },
    "asynckit": {
      "version": "0.4.0"
    },
    "bindings": {
      "version": "1.2.1"
    },
    "buffer-from": {
      "version": "1.1.1"
    },
    "caseless": {
      "version": "0.12.0"
    },
    "combined-stream": {
      "version": "1.0.8",
      "requires": {
        "delayed-stream": "~1.0.0"
      }
    },
    "commander": {
      "version": "2.20.3"
    },
    "concat-stream": {
      "version": "1.6.2",
      "requires": {
        "buffer-from": "^1.0.0",
        "inherits": "^2.0.3",
        "readable-stream": "^2.2.2",
        "typedarray": "^0.0.6"
      }
    },
    "core-util-is": {
      "version": "1.0.2"
    },
    "debug": {
      "version": "4.3.1",
      "requires": {
        "ms": "2.1.2"
      }
    },
    "delayed-stream": {
      "version": "1.0.0"
    },
    "discord.js": {
      "version": "12.5.1",
      "requires": {
        "@discordjs/collection": "^0.1.6",
        "@discordjs/form-data": "^3.0.1",
        "abort-controller": "^3.0.0",
        "node-fetch": "^2.6.1",
        "prism-media": "^1.2.2",
        "setimmediate": "^1.0.5",
        "tweetnacl": "^1.0.3",
        "ws": "^7.3.1"
      }
    },
    "env-paths": {
      "version": "2.2.1"
    },
    "event-target-shim": {
      "version": "5.0.1"
    },
    "ffmpeg-static": {
      "version": "4.2.8",
      "requires": {
        "@derhuerst/http-basic": "^8.2.0",
        "env-paths": "^2.2.0",
        "https-proxy-agent": "^5.0.0",
        "progress": "^2.0.3"
      }
    },
    "http-response-object": {
      "version": "3.0.2",
      "requires": {
        "@types/node": "^10.0.3"
      }
    },
    "https-proxy-agent": {
      "version": "5.0.0",
      "requires": {
        "agent-base": "6",
        "debug": "4"
      }
    },
    "inherits": {
      "version": "2.0.4"
    },
    "isarray": {
      "version": "1.0.0"
    },
    "mime-db": {
      "version": "1.46.0"
    },
    "mime-types": {
      "version": "2.1.29",
      "requires": {
        "mime-db": "1.46.0"
      }
    },
    "ms": {
      "version": "2.1.2"
    },
    "nan": {
      "version": "2.14.2"
    },
    "node-fetch": {
      "version": "2.6.1"
    },
    "node-opus": {
      "version": "0.3.3",
      "requires": {
        "bindings": "~1.2.1",
        "commander": "^2.9.0",
        "nan": "^2.14.0",
        "ogg-packet": "^1.0.0"
      }
    },
    "ogg-packet": {
      "version": "1.0.1",
      "optional": true,
      "requires": {
        "ref-struct": "*"
      }
    },
    "parse-cache-control": {
      "version": "1.0.1"
    },
    "prism-media": {
      "version": "1.2.9",
      "requires": {}
    },
    "process-nextick-args": {
      "version": "2.0.1"
    },
    "progress": {
      "version": "2.0.3"
    },
    "readable-stream": {
      "version": "2.3.7",
      "requires": {
        "core-util-is": "~1.0.0",
        "inherits": "~2.0.3",
        "isarray": "~1.0.0",
        "process-nextick-args": "~2.0.0",
        "safe-buffer": "~5.1.1",
        "string_decoder": "~1.1.1",
        "util-deprecate": "~1.0.1"
      }
    },
    "ref": {
      "version": "1.3.5",
      "optional": true,
      "requires": {
        "bindings": "1",
        "debug": "2",
        "nan": "2"
      },
      "dependencies": {
        "debug": {
          "version": "2.6.9",
          "optional": true,
          "requires": {
            "ms": "2.0.0"
          }
        },
        "ms": {
          "version": "2.0.0",
          "optional": true
        }
      }
    },
    "ref-struct": {
      "version": "1.1.0",
      "optional": true,
      "requires": {
        "debug": "2",
        "ref": "1"
      },
      "dependencies": {
        "debug": {
          "version": "2.6.9",
          "optional": true,
          "requires": {
            "ms": "2.0.0"
          }
        },
        "ms": {
          "version": "2.0.0",
          "optional": true
        }
      }
    },
    "safe-buffer": {
      "version": "5.1.2"
    },
    "setimmediate": {
      "version": "1.0.5"
    },
    "string_decoder": {
      "version": "1.1.1",
      "requires": {
        "safe-buffer": "~5.1.0"
      }
    },
    "tweetnacl": {
      "version": "1.0.3"
    },
    "typedarray": {
      "version": "0.0.6"
    },
    "util-deprecate": {
      "version": "1.0.2"
    },
    "ws": {
      "version": "7.4.4",
      "requires": {}
    }
  }
}
